<Solution>
  <Project Path="DuckovCoreUtilities/DuckovCoreUtilities.csproj" />
  <Project Path="DuckovCoreUtilities.HierarchyInspector.Abstractions/DuckovCoreUtilities.HierarchyInspector.Abstractions.csproj" />
  <Project Path="DuckovCoreUtilities.HierarchyInspectorBridge/DuckovCoreUtilities.HierarchyInspectorBridge.csproj" />
</Solution>
